
Microsoft Visual Studio Solution File, Format Version 12.00
# Visual Studio Version 17
VisualStudioVersion = 17.10.35122.118
MinimumVisualStudioVersion = 10.0.40219.1
Project("{8BC9CEB8-8B4A-11D0-8D11-00A0C91BC942}") = "Chapter1_12", "Chapter1_12\Chapter1_12.vcxproj", "{772DCF6E-8001-4081-B216-8A0A2504D3BF}"
EndProject
Project("{8BC9CEB8-8B4A-11D0-8D11-00A0C91BC942}") = "Chapter1_13", "Chapter1_13\Chapter1_13.vcxproj", "{4972BE96-AED0-4083-9B73-2892DFEFF7CD}"
EndProject
Project("{8BC9CEB8-8B4A-11D0-8D11-00A0C91BC942}") = "Chapter2_9", "Chapter2_9\Chapter2_9.vcxproj", "{93EF39E1-F365-4980-A21F-CF7B6685B2FA}"
EndProject
Project("{8BC9CEB8-8B4A-11D0-8D11-00A0C91BC942}") = "Chapter3_5", "Chapter3_5\Chapter3_5.vcxproj", "{1DA21D6B-85BF-49A3-A372-FEB6673CE545}"
EndProject
Project("{8BC9CEB8-8B4A-11D0-8D11-00A0C91BC942}") = "Chapter4_2", "Chapter4_2\Chapter4_2.vcxproj", "{88A79495-DEB3-497F-A831-0A3B3A0349E9}"
EndProject
Project("{8BC9CEB8-8B4A-11D0-8D11-00A0C91BC942}") = "Chapter4_9", "Chapter4_9\Chapter4_9.vcxproj", "{99DC9B5A-7F00-4CA7-A5A9-0538C8C5F878}"
EndProject
Project("{8BC9CEB8-8B4A-11D0-8D11-00A0C91BC942}") = "Chapter4_10", "Chapter4_10\Chapter4_10.vcxproj", "{B4635D2A-FAFF-4081-BD8A-22E809072180}"
EndProject
Project("{8BC9CEB8-8B4A-11D0-8D11-00A0C91BC942}") = "Chapter1_1", "Chapter1_1\Chapter1_1.vcxproj", "{4C10090C-1381-4030-99D2-5E0175FB3B94}"
EndProject
Project("{8BC9CEB8-8B4A-11D0-8D11-00A0C91BC942}") = "Chapter1_4", "Chapter1_4\Chapter1_4.vcxproj", "{46AA3A04-57D0-4E14-B68A-CD14E50EA190}"
EndProject
Project("{8BC9CEB8-8B4A-11D0-8D11-00A0C91BC942}") = "Chapter1_11", "Chapter1_11\Chapter1_11.vcxproj", "{8B6459B3-FE31-4C85-BFAA-E53CB25509ED}"
EndProject
Project("{8BC9CEB8-8B4A-11D0-8D11-00A0C91BC942}") = "Chapter3_9", "Chapter3_9\Chpater3_9.vcxproj", "{8445DCD6-F038-407A-8310-A556C5811E5A}"
EndProject
Project("{8BC9CEB8-8B4A-11D0-8D11-00A0C91BC942}") = "Chapter6_7", "Chapter6_7\Chapter6_7.vcxproj", "{3B455563-765A-47CE-B120-AE7F473CA65A}"
EndProject
Global
	GlobalSection(SolutionConfigurationPlatforms) = preSolution
		Debug|x64 = Debug|x64
		Debug|x86 = Debug|x86
		Release|x64 = Release|x64
		Release|x86 = Release|x86
	EndGlobalSection
	GlobalSection(ProjectConfigurationPlatforms) = postSolution
		{772DCF6E-8001-4081-B216-8A0A2504D3BF}.Debug|x64.ActiveCfg = Debug|x64
		{772DCF6E-8001-4081-B216-8A0A2504D3BF}.Debug|x64.Build.0 = Debug|x64
		{772DCF6E-8001-4081-B216-8A0A2504D3BF}.Debug|x86.ActiveCfg = Debug|Win32
		{772DCF6E-8001-4081-B216-8A0A2504D3BF}.Debug|x86.Build.0 = Debug|Win32
		{772DCF6E-8001-4081-B216-8A0A2504D3BF}.Release|x64.ActiveCfg = Release|x64
		{772DCF6E-8001-4081-B216-8A0A2504D3BF}.Release|x64.Build.0 = Release|x64
		{772DCF6E-8001-4081-B216-8A0A2504D3BF}.Release|x86.ActiveCfg = Release|Win32
		{772DCF6E-8001-4081-B216-8A0A2504D3BF}.Release|x86.Build.0 = Release|Win32
		{4972BE96-AED0-4083-9B73-2892DFEFF7CD}.Debug|x64.ActiveCfg = Debug|x64
		{4972BE96-AED0-4083-9B73-2892DFEFF7CD}.Debug|x64.Build.0 = Debug|x64
		{4972BE96-AED0-4083-9B73-2892DFEFF7CD}.Debug|x86.ActiveCfg = Debug|Win32
		{4972BE96-AED0-4083-9B73-2892DFEFF7CD}.Debug|x86.Build.0 = Debug|Win32
		{4972BE96-AED0-4083-9B73-2892DFEFF7CD}.Release|x64.ActiveCfg = Release|x64
		{4972BE96-AED0-4083-9B73-2892DFEFF7CD}.Release|x64.Build.0 = Release|x64
		{4972BE96-AED0-4083-9B73-2892DFEFF7CD}.Release|x86.ActiveCfg = Release|Win32
		{4972BE96-AED0-4083-9B73-2892DFEFF7CD}.Release|x86.Build.0 = Release|Win32
		{93EF39E1-F365-4980-A21F-CF7B6685B2FA}.Debug|x64.ActiveCfg = Debug|x64
		{93EF39E1-F365-4980-A21F-CF7B6685B2FA}.Debug|x64.Build.0 = Debug|x64
		{93EF39E1-F365-4980-A21F-CF7B6685B2FA}.Debug|x86.ActiveCfg = Debug|Win32
		{93EF39E1-F365-4980-A21F-CF7B6685B2FA}.Debug|x86.Build.0 = Debug|Win32
		{93EF39E1-F365-4980-A21F-CF7B6685B2FA}.Release|x64.ActiveCfg = Release|x64
		{93EF39E1-F365-4980-A21F-CF7B6685B2FA}.Release|x64.Build.0 = Release|x64
		{93EF39E1-F365-4980-A21F-CF7B6685B2FA}.Release|x86.ActiveCfg = Release|Win32
		{93EF39E1-F365-4980-A21F-CF7B6685B2FA}.Release|x86.Build.0 = Release|Win32
		{1DA21D6B-85BF-49A3-A372-FEB6673CE545}.Debug|x64.ActiveCfg = Debug|x64
		{1DA21D6B-85BF-49A3-A372-FEB6673CE545}.Debug|x64.Build.0 = Debug|x64
		{1DA21D6B-85BF-49A3-A372-FEB6673CE545}.Debug|x86.ActiveCfg = Debug|Win32
		{1DA21D6B-85BF-49A3-A372-FEB6673CE545}.Debug|x86.Build.0 = Debug|Win32
		{1DA21D6B-85BF-49A3-A372-FEB6673CE545}.Release|x64.ActiveCfg = Release|x64
		{1DA21D6B-85BF-49A3-A372-FEB6673CE545}.Release|x64.Build.0 = Release|x64
		{1DA21D6B-85BF-49A3-A372-FEB6673CE545}.Release|x86.ActiveCfg = Release|Win32
		{1DA21D6B-85BF-49A3-A372-FEB6673CE545}.Release|x86.Build.0 = Release|Win32
		{88A79495-DEB3-497F-A831-0A3B3A0349E9}.Debug|x64.ActiveCfg = Debug|x64
		{88A79495-DEB3-497F-A831-0A3B3A0349E9}.Debug|x64.Build.0 = Debug|x64
		{88A79495-DEB3-497F-A831-0A3B3A0349E9}.Debug|x86.ActiveCfg = Debug|Win32
		{88A79495-DEB3-497F-A831-0A3B3A0349E9}.Debug|x86.Build.0 = Debug|Win32
		{88A79495-DEB3-497F-A831-0A3B3A0349E9}.Release|x64.ActiveCfg = Release|x64
		{88A79495-DEB3-497F-A831-0A3B3A0349E9}.Release|x64.Build.0 = Release|x64
		{88A79495-DEB3-497F-A831-0A3B3A0349E9}.Release|x86.ActiveCfg = Release|Win32
		{88A79495-DEB3-497F-A831-0A3B3A0349E9}.Release|x86.Build.0 = Release|Win32
		{99DC9B5A-7F00-4CA7-A5A9-0538C8C5F878}.Debug|x64.ActiveCfg = Debug|x64
		{99DC9B5A-7F00-4CA7-A5A9-0538C8C5F878}.Debug|x64.Build.0 = Debug|x64
		{99DC9B5A-7F00-4CA7-A5A9-0538C8C5F878}.Debug|x86.ActiveCfg = Debug|Win32
		{99DC9B5A-7F00-4CA7-A5A9-0538C8C5F878}.Debug|x86.Build.0 = Debug|Win32
		{99DC9B5A-7F00-4CA7-A5A9-0538C8C5F878}.Release|x64.ActiveCfg = Release|x64
		{99DC9B5A-7F00-4CA7-A5A9-0538C8C5F878}.Release|x64.Build.0 = Release|x64
		{99DC9B5A-7F00-4CA7-A5A9-0538C8C5F878}.Release|x86.ActiveCfg = Release|Win32
		{99DC9B5A-7F00-4CA7-A5A9-0538C8C5F878}.Release|x86.Build.0 = Release|Win32
		{B4635D2A-FAFF-4081-BD8A-22E809072180}.Debug|x64.ActiveCfg = Debug|x64
		{B4635D2A-FAFF-4081-BD8A-22E809072180}.Debug|x64.Build.0 = Debug|x64
		{B4635D2A-FAFF-4081-BD8A-22E809072180}.Debug|x86.ActiveCfg = Debug|Win32
		{B4635D2A-FAFF-4081-BD8A-22E809072180}.Debug|x86.Build.0 = Debug|Win32
		{B4635D2A-FAFF-4081-BD8A-22E809072180}.Release|x64.ActiveCfg = Release|x64
		{B4635D2A-FAFF-4081-BD8A-22E809072180}.Release|x64.Build.0 = Release|x64
		{B4635D2A-FAFF-4081-BD8A-22E809072180}.Release|x86.ActiveCfg = Release|Win32
		{B4635D2A-FAFF-4081-BD8A-22E809072180}.Release|x86.Build.0 = Release|Win32
		{4C10090C-1381-4030-99D2-5E0175FB3B94}.Debug|x64.ActiveCfg = Debug|x64
		{4C10090C-1381-4030-99D2-5E0175FB3B94}.Debug|x64.Build.0 = Debug|x64
		{4C10090C-1381-4030-99D2-5E0175FB3B94}.Debug|x86.ActiveCfg = Debug|Win32
		{4C10090C-1381-4030-99D2-5E0175FB3B94}.Debug|x86.Build.0 = Debug|Win32
		{4C10090C-1381-4030-99D2-5E0175FB3B94}.Release|x64.ActiveCfg = Release|x64
		{4C10090C-1381-4030-99D2-5E0175FB3B94}.Release|x64.Build.0 = Release|x64
		{4C10090C-1381-4030-99D2-5E0175FB3B94}.Release|x86.ActiveCfg = Release|Win32
		{4C10090C-1381-4030-99D2-5E0175FB3B94}.Release|x86.Build.0 = Release|Win32
		{46AA3A04-57D0-4E14-B68A-CD14E50EA190}.Debug|x64.ActiveCfg = Debug|x64
		{46AA3A04-57D0-4E14-B68A-CD14E50EA190}.Debug|x64.Build.0 = Debug|x64
		{46AA3A04-57D0-4E14-B68A-CD14E50EA190}.Debug|x86.ActiveCfg = Debug|Win32
		{46AA3A04-57D0-4E14-B68A-CD14E50EA190}.Debug|x86.Build.0 = Debug|Win32
		{46AA3A04-57D0-4E14-B68A-CD14E50EA190}.Release|x64.ActiveCfg = Release|x64
		{46AA3A04-57D0-4E14-B68A-CD14E50EA190}.Release|x64.Build.0 = Release|x64
		{46AA3A04-57D0-4E14-B68A-CD14E50EA190}.Release|x86.ActiveCfg = Release|Win32
		{46AA3A04-57D0-4E14-B68A-CD14E50EA190}.Release|x86.Build.0 = Release|Win32
		{8B6459B3-FE31-4C85-BFAA-E53CB25509ED}.Debug|x64.ActiveCfg = Debug|x64
		{8B6459B3-FE31-4C85-BFAA-E53CB25509ED}.Debug|x64.Build.0 = Debug|x64
		{8B6459B3-FE31-4C85-BFAA-E53CB25509ED}.Debug|x86.ActiveCfg = Debug|Win32
		{8B6459B3-FE31-4C85-BFAA-E53CB25509ED}.Debug|x86.Build.0 = Debug|Win32
		{8B6459B3-FE31-4C85-BFAA-E53CB25509ED}.Release|x64.ActiveCfg = Release|x64
		{8B6459B3-FE31-4C85-BFAA-E53CB25509ED}.Release|x64.Build.0 = Release|x64
		{8B6459B3-FE31-4C85-BFAA-E53CB25509ED}.Release|x86.ActiveCfg = Release|Win32
		{8B6459B3-FE31-4C85-BFAA-E53CB25509ED}.Release|x86.Build.0 = Release|Win32
		{8445DCD6-F038-407A-8310-A556C5811E5A}.Debug|x64.ActiveCfg = Debug|x64
		{8445DCD6-F038-407A-8310-A556C5811E5A}.Debug|x64.Build.0 = Debug|x64
		{8445DCD6-F038-407A-8310-A556C5811E5A}.Debug|x86.ActiveCfg = Debug|Win32
		{8445DCD6-F038-407A-8310-A556C5811E5A}.Debug|x86.Build.0 = Debug|Win32
		{8445DCD6-F038-407A-8310-A556C5811E5A}.Release|x64.ActiveCfg = Release|x64
		{8445DCD6-F038-407A-8310-A556C5811E5A}.Release|x64.Build.0 = Release|x64
		{8445DCD6-F038-407A-8310-A556C5811E5A}.Release|x86.ActiveCfg = Release|Win32
		{8445DCD6-F038-407A-8310-A556C5811E5A}.Release|x86.Build.0 = Release|Win32
		{3B455563-765A-47CE-B120-AE7F473CA65A}.Debug|x64.ActiveCfg = Debug|x64
		{3B455563-765A-47CE-B120-AE7F473CA65A}.Debug|x64.Build.0 = Debug|x64
		{3B455563-765A-47CE-B120-AE7F473CA65A}.Debug|x86.ActiveCfg = Debug|Win32
		{3B455563-765A-47CE-B120-AE7F473CA65A}.Debug|x86.Build.0 = Debug|Win32
		{3B455563-765A-47CE-B120-AE7F473CA65A}.Release|x64.ActiveCfg = Release|x64
		{3B455563-765A-47CE-B120-AE7F473CA65A}.Release|x64.Build.0 = Release|x64
		{3B455563-765A-47CE-B120-AE7F473CA65A}.Release|x86.ActiveCfg = Release|Win32
		{3B455563-765A-47CE-B120-AE7F473CA65A}.Release|x86.Build.0 = Release|Win32
	EndGlobalSection
	GlobalSection(SolutionProperties) = preSolution
		HideSolutionNode = FALSE
	EndGlobalSection
	GlobalSection(ExtensibilityGlobals) = postSolution
		SolutionGuid = {4DD43005-FEF6-4DBA-A13B-849BEBE3866B}
	EndGlobalSection
EndGlobal
